// !$*UTF8*$!
{
	archiveVersion = 1;
	classes = {
	};
	objectVersion = 46;
	objects = {

/* Begin PBXBuildFile section */
		0129344E1B7995340010DD4A /* main.m in Sources */ = {isa = PBXBuildFile; fileRef = 0129344D1B7995340010DD4A /* main.m */; };
		012934511B7995340010DD4A /* AppDelegate.m in Sources */ = {isa = PBXBuildFile; fileRef = 012934501B7995340010DD4A /* AppDelegate.m */; };
		012934541B7995340010DD4A /* ViewController.m in Sources */ = {isa = PBXBuildFile; fileRef = 012934531B7995340010DD4A /* ViewController.m */; };
		012934571B7995340010DD4A /* Main.storyboard in Resources */ = {isa = PBXBuildFile; fileRef = 012934551B7995340010DD4A /* Main.storyboard */; };
		012934591B7995340010DD4A /* Images.xcassets in Resources */ = {isa = PBXBuildFile; fileRef = 012934581B7995340010DD4A /* Images.xcassets */; };
		0129345C1B7995340010DD4A /* LaunchScreen.xib in Resources */ = {isa = PBXBuildFile; fileRef = 0129345A1B7995340010DD4A /* LaunchScreen.xib */; };
		012934681B7995340010DD4A /* test2Tests.m in Sources */ = {isa = PBXBuildFile; fileRef = 012934671B7995340010DD4A /* test2Tests.m */; };
/* End PBXBuildFile section */

/* Begin PBXContainerItemProxy section */
		012934621B7995340010DD4A /* PBXContainerItemProxy */ = {
			isa = PBXContainerItemProxy;
			containerPortal = 012934401B7995340010DD4A /* Project object */;
			proxyType = 1;
			remoteGlobalIDString = 012934471B7995340010DD4A;
			remoteInfo = test2;
		};
/* End PBXContainerItemProxy section */

/* Begin PBXFileReference section */
		012934481B7995340010DD4A /* test2.app */ = {isa = PBXFileReference; explicitFileType = wrapper.application; includeInIndex = 0; path = test2.app; sourceTree = BUILT_PRODUCTS_DIR; };
		0129344C1B7995340010DD4A /* Info.plist */ = {isa = PBXFileReference; lastKnownFileType = text.plist.xml; path = Info.plist; sourceTree = "<group>"; };
		0129344D1B7995340010DD4A /* main.m */ = {isa = PBXFileReference; lastKnownFileType = sourcecode.c.objc; path = main.m; sourceTree = "<group>"; };
		0129344F1B7995340010DD4A /* AppDelegate.h */ = {isa = PBXFileReference; lastKnownFileType = sourcecode.c.h; path = AppDelegate.h; sourceTree = "<group>"; };
		012934501B7995340010DD4A /* AppDelegate.m */ = {isa = PBXFileReference; lastKnownFileType = sourcecode.c.objc; path = AppDelegate.m; sourceTree = "<group>"; };
		012934521B7995340010DD4A /* ViewController.h */ = {isa = PBXFileReference; lastKnownFileType = sourcecode.c.h; path = ViewController.h; sourceTree = "<group>"; };
		012934531B7995340010DD4A /* ViewController.m */ = {isa = PBXFileReference; lastKnownFileType = sourcecode.c.objc; path = ViewController.m; sourceTree = "<group>"; };
		012934561B7995340010DD4A /* Base */ = {isa = PBXFileReference; lastKnownFileType = file.storyboard; name = Base; path = Base.lproj/Main.storyboard; sourceTree = "<group>"; };
		012934581B7995340010DD4A /* Images.xcassets */ = {isa = PBXFileReference; lastKnownFileType = folder.assetcatalog; path = Images.xcassets; sourceTree = "<group>"; };
		0129345B1B7995340010DD4A /* Base */ = {isa = PBXFileReference; lastKnownFileType = file.xib; name = Base; path = Base.lproj/LaunchScreen.xib; sourceTree = "<group>"; };
		012934611B7995340010DD4A /* test2Tests.xctest */ = {isa = PBXFileReference; explicitFileType = wrapper.cfbundle; includeInIndex = 0; path = test2Tests.xctest; sourceTree = BUILT_PRODUCTS_DIR; };
		012934661B7995340010DD4A /* Info.plist */ = {isa = PBXFileReference; lastKnownFileType = text.plist.xml; path = Info.plist; sourceTree = "<group>"; };
		012934671B7995340010DD4A /* test2Tests.m */ = {isa = PBXFileReference; lastKnownFileType = sourcecode.c.objc; path = test2Tests.m; sourceTree = "<group>"; };
/* End PBXFileReference section */

/* Begin PBXFrameworksBuildPhase section */
		012934451B7995340010DD4A /* Frameworks */ = {
			isa = PBXFrameworksBuildPhase;
			buildActionMask = 2147483647;
			files = (
			);
			runOnlyForDeploymentPostprocessing = 0;
		};
		0129345E1B7995340010DD4A /* Frameworks */ = {
			isa = PBXFrameworksBuildPhase;
			buildActionMask = 2147483647;
			files = (
			);
			runOnlyForDeploymentPostprocessing = 0;
		};
/* End PBXFrameworksBuildPhase section */

/* Begin PBXGroup section */
		0129343F1B7995340010DD4A = {
			isa = PBXGroup;
			children = (
				0129344A1B7995340010DD4A /* test2 */,
				012934641B7995340010DD4A /* test2Tests */,
				012934491B7995340010DD4A /* Products */,
			);
			sourceTree = "<group>";
		};
		012934491B7995340010DD4A /* Products */ = {
			isa = PBXGroup;
			children = (
				012934481B7995340010DD4A /* test2.app */,
				012934611B7995340010DD4A /* test2Tests.xctest */,
			);
			name = Products;
			sourceTree = "<group>";
		};
		0129344A1B7995340010DD4A /* test2 */ = {
			isa = PBXGroup;
			children = (
				0129344F1B7995340010DD4A /* AppDelegate.h */,
				012934501B7995340010DD4A /* AppDelegate.m */,
				012934521B7995340010DD4A /* ViewController.h */,
				012934531B7995340010DD4A /* ViewController.m */,
				012934551B7995340010DD4A /* Main.storyboard */,
				012934581B7995340010DD4A /* Images.xcassets */,
				0129345A1B7995340010DD4A /* LaunchScreen.xib */,
				0129344B1B7995340010DD4A /* Supporting Files */,
			);
			path = test2;
			sourceTree = "<group>";
		};
		0129344B1B7995340010DD4A /* Supporting Files */ = {
			isa = PBXGroup;
			children = (
				0129344C1B7995340010DD4A /* Info.plist */,
				0129344D1B7995340010DD4A /* main.m */,
			);
			name = "Supporting Files";
			sourceTree = "<group>";
		};
		012934641B7995340010DD4A /* test2Tests */ = {
			isa = PBXGroup;
			children = (
				012934671B7995340010DD4A /* test2Tests.m */,
				012934651B7995340010DD4A /* Supporting Files */,
			);
			path = test2Tests;
			sourceTree = "<group>";
		};
		012934651B7995340010DD4A /* Supporting Files */ = {
			isa = PBXGroup;
			children = (
				012934661B7995340010DD4A /* Info.plist */,
			);
			name = "Supporting Files";
			sourceTree = "<group>";
		};
/* End PBXGroup section */

/* Begin PBXNativeTarget section */
		012934471B7995340010DD4A /* test2 */ = {
			isa = PBXNativeTarget;
			buildConfigurationList = 0129346B1B7995340010DD4A /* Build configuration list for PBXNativeTarget "test2" */;
			buildPhases = (
				012934441B7995340010DD4A /* Sources */,
				012934451B7995340010DD4A /* Frameworks */,
				012934461B7995340010DD4A /* Resources */,
			);
			buildRules = (
			);
			dependencies = (
			);
			name = test2;
			productName = test2;
			productReference = 012934481B7995340010DD4A /* test2.app */;
			productType = "com.apple.product-type.application";
		};
		012934601B7995340010DD4A /* test2Tests */ = {
			isa = PBXNativeTarget;
			buildConfigurationList = 0129346E1B7995340010DD4A /* Build configuration list for PBXNativeTarget "test2Tests" */;
			buildPhases = (
				0129345D1B7995340010DD4A /* Sources */,
				0129345E1B7995340010DD4A /* Frameworks */,
				0129345F1B7995340010DD4A /* Resources */,
			);
			buildRules = (
			);
			dependencies = (
				012934631B7995340010DD4A /* PBXTargetDependency */,
			);
			name = test2Tests;
			productName = test2Tests;
			productReference = 012934611B7995340010DD4A /* test2Tests.xctest */;
			productType = "com.apple.product-type.bundle.unit-test";
		};
/* End PBXNativeTarget section */

/* Begin PBXProject section */
		012934401B7995340010DD4A /* Project object */ = {
			isa = PBXProject;
			attributes = {
				LastUpgradeCheck = 0630;
				ORGANIZATIONNAME = "Chaeyoung Yoon";
				TargetAttributes = {
					012934471B7995340010DD4A = {
						CreatedOnToolsVersion = 6.3.2;
					};
					012934601B7995340010DD4A = {
						CreatedOnToolsVersion = 6.3.2;
						TestTargetID = 012934471B7995340010DD4A;
					};
				};
			};
			buildConfigurationList = 012934431B7995340010DD4A /* Build configuration list for PBXProject "test2" */;
			compatibilityVersion = "Xcode 3.2";
			developmentRegion = English;
			hasScannedForEncodings = 0;
			knownRegions = (
				en,
				Base,
			);
			mainGroup = 0129343F1B7995340010DD4A;
			productRefGroup = 012934491B7995340010DD4A /* Products */;
			projectDirPath = "";
			projectRoot = "";
			targets = (
				012934471B7995340010DD4A /* test2 */,
				012934601B7995340010DD4A /* test2Tests */,
			);
		};
/* End PBXProject section */

/* Begin PBXResourcesBuildPhase section */
		012934461B7995340010DD4A /* Resources */ = {
			isa = PBXResourcesBuildPhase;
			buildActionMask = 2147483647;
			files = (
				012934571B7995340010DD4A /* Main.storyboard in Resources */,
				0129345C1B7995340010DD4A /* LaunchScreen.xib in Resources */,
				012934591B7995340010DD4A /* Images.xcassets in Resources */,
			);
			runOnlyForDeploymentPostprocessing = 0;
		};
		0129345F1B7995340010DD4A /* Resources */ = {
			isa = PBXResourcesBuildPhase;
			buildActionMask = 2147483647;
			files = (
			);
			runOnlyForDeploymentPostprocessing = 0;
		};
/* End PBXResourcesBuildPhase section */

/* Begin PBXSourcesBuildPhase section */
		012934441B7995340010DD4A /* Sources */ = {
			isa = PBXSourcesBuildPhase;
			buildActionMask = 2147483647;
			files = (
				012934541B7995340010DD4A /* ViewController.m in Sources */,
				012934511B7995340010DD4A /* AppDelegate.m in Sources */,
				0129344E1B7995340010DD4A /* main.m in Sources */,
			);
			runOnlyForDeploymentPostprocessing = 0;
		};
		0129345D1B7995340010DD4A /* Sources */ = {
			isa = PBXSourcesBuildPhase;
			buildActionMask = 2147483647;
			files = (
				012934681B7995340010DD4A /* test2Tests.m in Sources */,
			);
			runOnlyForDeploymentPostprocessing = 0;
		};
/* End PBXSourcesBuildPhase section */

/* Begin PBXTargetDependency section */
		012934631B7995340010DD4A /* PBXTargetDependency */ = {
			isa = PBXTargetDependency;
			target = 012934471B7995340010DD4A /* test2 */;
			targetProxy = 012934621B7995340010DD4A /* PBXContainerItemProxy */;
		};
/* End PBXTargetDependency section */

/* Begin PBXVariantGroup section */
		012934551B7995340010DD4A /* Main.storyboard */ = {
			isa = PBXVariantGroup;
			children = (
				012934561B7995340010DD4A /* Base */,
			);
			name = Main.storyboard;
			sourceTree = "<group>";
		};
		0129345A1B7995340010DD4A /* LaunchScreen.xib */ = {
			isa = PBXVariantGroup;
			children = (
				0129345B1B7995340010DD4A /* Base */,
			);
			name = LaunchScreen.xib;
			sourceTree = "<group>";
		};
/* End PBXVariantGroup section */

/* Begin XCBuildConfiguration section */
		012934691B7995340010DD4A /* Debug */ = {
			isa = XCBuildConfiguration;
			buildSettings = {
				ALWAYS_SEARCH_USER_PATHS = NO;
				CLANG_CXX_LANGUAGE_STANDARD = "gnu++0x";
				CLANG_CXX_LIBRARY = "libc++";
				CLANG_ENABLE_MODULES = YES;
				CLANG_ENABLE_OBJC_ARC = YES;
				CLANG_WARN_BOOL_CONVERSION = YES;
				CLANG_WARN_CONSTANT_CONVERSION = YES;
				CLANG_WARN_DIRECT_OBJC_ISA_USAGE = YES_ERROR;
				CLANG_WARN_EMPTY_BODY = YES;
				CLANG_WARN_ENUM_CONVERSION = YES;
				CLANG_WARN_INT_CONVERSION = YES;
				CLANG_WARN_OBJC_ROOT_CLASS = YES_ERROR;
				CLANG_WARN_UNREACHABLE_CODE = YES;
				CLANG_WARN__DUPLICATE_METHOD_MATCH = YES;
				"CODE_SIGN_IDENTITY[sdk=iphoneos*]" = "iPhone Developer";
				COPY_PHASE_STRIP = NO;
				DEBUG_INFORMATION_FORMAT = "dwarf-with-dsym";
				ENABLE_STRICT_OBJC_MSGSEND = YES;
				GCC_C_LANGUAGE_STANDARD = gnu99;
				GCC_DYNAMIC_NO_PIC = NO;
				GCC_NO_COMMON_BLOCKS = YES;
				GCC_OPTIMIZATION_LEVEL = 0;
				GCC_PREPROCESSOR_DEFINITIONS = (
					"DEBUG=1",
					"$(inherited)",
				);
				GCC_SYMBOLS_PRIVATE_EXTERN = NO;
				GCC_WARN_64_TO_32_BIT_CONVERSION = YES;
				GCC_WARN_ABOUT_RETURN_TYPE = YES_ERROR;
				GCC_WARN_UNDECLARED_SELECTOR = YES;
				GCC_WARN_UNINITIALIZED_AUTOS = YES_AGGRESSIVE;
				GCC_WARN_UNUSED_FUNCTION = YES;
				GCC_WARN_UNUSED_VARIABLE = YES;
				IPHONEOS_DEPLOYMENT_TARGET = 8.3;
				MTL_ENABLE_DEBUG_INFO = YES;
				ONLY_ACTIVE_ARCH = YES;
				SDKROOT = iphoneos;
				TARGETED_DEVICE_FAMILY = "1,2";
			};
			name = Debug;
		};
		0129346A1B7995340010DD4A /* Release */ = {
			isa = XCBuildConfiguration;
			buildSettings = {
				ALWAYS_SEARCH_USER_PATHS = NO;
				CLANG_CXX_LANGUAGE_STANDARD = "gnu++0x";
				CLANG_CXX_LIBRARY = "libc++";
				CLANG_ENABLE_MODULES = YES;
				CLANG_ENABLE_OBJC_ARC = YES;
				CLANG_WARN_BOOL_CONVERSION = YES;
				CLANG_WARN_CONSTANT_CONVERSION = YES;
				CLANG_WARN_DIRECT_OBJC_ISA_USAGE = YES_ERROR;
				CLANG_WARN_EMPTY_BODY = YES;
				CLANG_WARN_ENUM_CONVERSION = YES;
				CLANG_WARN_INT_CONVERSION = YES;
				CLANG_WARN_OBJC_ROOT_CLASS = YES_ERROR;
				CLANG_WARN_UNREACHABLE_CODE = YES;
				CLANG_WARN__DUPLICATE_METHOD_MATCH = YES;
				"CODE_SIGN_IDENTITY[sdk=iphoneos*]" = "iPhone Developer";
				COPY_PHASE_STRIP = NO;
				DEBUG_INFORMATION_FORMAT = "dwarf-with-dsym";
				ENABLE_NS_ASSERTIONS = NO;
				ENABLE_STRICT_OBJC_MSGSEND = YES;
				GCC_C_LANGUAGE_STANDARD = gnu99;
				GCC_NO_COMMON_BLOCKS = YES;
				GCC_WARN_64_TO_32_BIT_CONVERSION = YES;
				GCC_WARN_ABOUT_RETURN_TYPE = YES_ERROR;
				GCC_WARN_UNDECLARED_SELECTOR = YES;
				GCC_WARN_UNINITIALIZED_AUTOS = YES_AGGRESSIVE;
				GCC_WARN_UNUSED_FUNCTION = YES;
				GCC_WARN_UNUSED_VARIABLE = YES;
				IPHONEOS_DEPLOYMENT_TARGET = 8.3;
				MTL_ENABLE_DEBUG_INFO = NO;
				SDKROOT = iphoneos;
				TARGETED_DEVICE_FAMILY = "1,2";
				VALIDATE_PRODUCT = YES;
			};
			name = Release;
		};
		0129346C1B7995340010DD4A /* Debug */ = {
			isa = XCBuildConfiguration;
			buildSettings = {
				ASSETCATALOG_COMPILER_APPICON_NAME = AppIcon;
				CODE_SIGN_IDENTITY = "iPhone Developer";
				INFOPLIST_FILE = test2/Info.plist;
				LD_RUNPATH_SEARCH_PATHS = "$(inherited) @executable_path/Frameworks";
				PRODUCT_NAME = "$(TARGET_NAME)";
			};
			name = Debug;
		};
		0129346D1B7995340010DD4A /* Release */ = {
			isa = XCBuildConfiguration;
			buildSettings = {
				ASSETCATALOG_COMPILER_APPICON_NAME = AppIcon;
				CODE_SIGN_IDENTITY = "iPhone Developer";
				INFOPLIST_FILE = test2/Info.plist;
				LD_RUNPATH_SEARCH_PATHS = "$(inherited) @executable_path/Frameworks";
				PRODUCT_NAME = "$(TARGET_NAME)";
			};
			name = Release;
		};
		0129346F1B7995340010DD4A /* Debug */ = {
			isa = XCBuildConfiguration;
			buildSettings = {
				BUNDLE_LOADER = "$(TEST_HOST)";
				FRAMEWORK_SEARCH_PATHS = (
					"$(SDKROOT)/Developer/Library/Frameworks",
					"$(inherited)",
				);
				GCC_PREPROCESSOR_DEFINITIONS = (
					"DEBUG=1",
					"$(inherited)",
				);
				INFOPLIST_FILE = test2Tests/Info.plist;
				LD_RUNPATH_SEARCH_PATHS = "$(inherited) @executable_path/Frameworks @loader_path/Frameworks";
				PRODUCT_NAME = "$(TARGET_NAME)";
				TEST_HOST = "$(BUILT_PRODUCTS_DIR)/test2.app/test2";
			};
			name = Debug;
		};
		012934701B7995340010DD4A /* Release */ = {
			isa = XCBuildConfiguration;
			buildSettings = {
				BUNDLE_LOADER = "$(TEST_HOST)";
				FRAMEWORK_SEARCH_PATHS = (
					"$(SDKROOT)/Developer/Library/Frameworks",
					"$(inherited)",
				);
				INFOPLIST_FILE = test2Tests/Info.plist;
				LD_RUNPATH_SEARCH_PATHS = "$(inherited) @executable_path/Frameworks @loader_path/Frameworks";
				PRODUCT_NAME = "$(TARGET_NAME)";
				TEST_HOST = "$(BUILT_PRODUCTS_DIR)/test2.app/test2";
			};
			name = Release;
		};
/* End XCBuildConfiguration section */

/* Begin XCConfigurationList section */
		012934431B7995340010DD4A /* Build configuration list for PBXProject "test2" */ = {
			isa = XCConfigurationList;
			buildConfigurations = (
				012934691B7995340010DD4A /* Debug */,
				0129346A1B7995340010DD4A /* Release */,
			);
			defaultConfigurationIsVisible = 0;
			defaultConfigurationName = Release;
		};
		0129346B1B7995340010DD4A /* Build configuration list for PBXNativeTarget "test2" */ = {
			isa = XCConfigurationList;
			buildConfigurations = (
				0129346C1B7995340010DD4A /* Debug */,
				0129346D1B7995340010DD4A /* Release */,
			);
			defaultConfigurationIsVisible = 0;
		};
		0129346E1B7995340010DD4A /* Build configuration list for PBXNativeTarget "test2Tests" */ = {
			isa = XCConfigurationList;
			buildConfigurations = (
				0129346F1B7995340010DD4A /* Debug */,
				012934701B7995340010DD4A /* Release */,
			);
			defaultConfigurationIsVisible = 0;
		};
/* End XCConfigurationList section */
	};
	rootObject = 012934401B7995340010DD4A /* Project object */;
}
